{
  "name": "ana-calculator-gfs-proxy",
  "version": "0.1.0",
  "lockfileVersion": 3,
  "requires": true,
  "packages": {
    "": {
      "name": "ana-calculator-gfs-proxy",
      "version": "0.1.0",
      "dependencies": {
        "grib2class": "^1.0.7"
      }
    },
    "node_modules/grib2class": {
      "version": "1.0.7",
      "resolved": "https://registry.npmjs.org/grib2class/-/grib2class-1.0.7.tgz",
      "integrity": "sha512-r9ZML6c7VIL+K5qaig/pzaHFS0CQXMaiZaEg2RjC4zbgY9dah3amyut8tMtAm+A1labNLB9f3hVg+RAiMxcxGA==",
      "license": "MIT"
    }
  }
}
